// !$*UTF8*$!
{
	archiveVersion = 1;
	classes = {
	};
	objectVersion = 51;
	objects = {

/* Begin PBXBuildFile section */
		3C0B8FD222EF098300F16E13 /* Assets.xcassets in Resources */ = {isa = PBXBuildFile; fileRef = 3C0B8F9B22EF098300F16E13 /* Assets.xcassets */; };
		3C0B8FD322EF098300F16E13 /* LaunchScreen.storyboard in Resources */ = {isa = PBXBuildFile; fileRef = 3C0B8F9C22EF098300F16E13 /* LaunchScreen.storyboard */; };
		3C0B8FD422EF098300F16E13 /* Main.storyboard in Resources */ = {isa = PBXBuildFile; fileRef = 3C0B8F9E22EF098300F16E13 /* Main.storyboard */; };
		3C0B8FD622EF098300F16E13 /* UserAPI.swift in Sources */ = {isa = PBXBuildFile; fileRef = 3C0B8FA422EF098300F16E13 /* UserAPI.swift */; };
		3C0B8FD822EF098300F16E13 /* BaseAPI.swift in Sources */ = {isa = PBXBuildFile; fileRef = 3C0B8FA622EF098300F16E13 /* BaseAPI.swift */; };
		3C0B8FD922EF098300F16E13 /* JobAPI.swift in Sources */ = {isa = PBXBuildFile; fileRef = 3C0B8FA722EF098300F16E13 /* JobAPI.swift */; };
		3C0B8FDA22EF098300F16E13 /* Response+Ext.swift in Sources */ = {isa = PBXBuildFile; fileRef = 3C0B8FA922EF098300F16E13 /* Response+Ext.swift */; };
		3C0B8FDB22EF098300F16E13 /* UIStoryboard+Ext.swift in Sources */ = {isa = PBXBuildFile; fileRef = 3C0B8FAA22EF098300F16E13 /* UIStoryboard+Ext.swift */; };
		3C0B8FDC22EF098300F16E13 /* UITableView+Ext.swift in Sources */ = {isa = PBXBuildFile; fileRef = 3C0B8FAB22EF098300F16E13 /* UITableView+Ext.swift */; };
		3C0B8FDD22EF098300F16E13 /* ObservableType+Ext.swift in Sources */ = {isa = PBXBuildFile; fileRef = 3C0B8FAC22EF098300F16E13 /* ObservableType+Ext.swift */; };
		3C0B8FDE22EF098300F16E13 /* String+Ext.swift in Sources */ = {isa = PBXBuildFile; fileRef = 3C0B8FAD22EF098300F16E13 /* String+Ext.swift */; };
		3C0B8FDF22EF098300F16E13 /* Moya+Ext.swift in Sources */ = {isa = PBXBuildFile; fileRef = 3C0B8FAE22EF098300F16E13 /* Moya+Ext.swift */; };
		3C0B8FE022EF098300F16E13 /* NSObject+Ext.swift in Sources */ = {isa = PBXBuildFile; fileRef = 3C0B8FAF22EF098300F16E13 /* NSObject+Ext.swift */; };
		3C0B8FE222EF098300F16E13 /* UINavigationBar+Ext.swift in Sources */ = {isa = PBXBuildFile; fileRef = 3C0B8FB122EF098300F16E13 /* UINavigationBar+Ext.swift */; };
		3C0B8FE322EF098300F16E13 /* AppDelegate.swift in Sources */ = {isa = PBXBuildFile; fileRef = 3C0B8FB322EF098300F16E13 /* AppDelegate.swift */; };
		3C0B8FE422EF098300F16E13 /* JobViewModel.swift in Sources */ = {isa = PBXBuildFile; fileRef = 3C0B8FB722EF098300F16E13 /* JobViewModel.swift */; };
		3C0B8FE522EF098300F16E13 /* RegisterViewModel.swift in Sources */ = {isa = PBXBuildFile; fileRef = 3C0B8FB822EF098300F16E13 /* RegisterViewModel.swift */; };
		3C0B8FE622EF098300F16E13 /* JobItem.swift in Sources */ = {isa = PBXBuildFile; fileRef = 3C0B8FBA22EF098300F16E13 /* JobItem.swift */; };
		3C0B8FE722EF098300F16E13 /* TapController.swift in Sources */ = {isa = PBXBuildFile; fileRef = 3C0B8FBC22EF098300F16E13 /* TapController.swift */; };
		3C0B8FE822EF098300F16E13 /* JobController.swift in Sources */ = {isa = PBXBuildFile; fileRef = 3C0B8FBD22EF098300F16E13 /* JobController.swift */; };
		3C0B8FE922EF098300F16E13 /* HomeController.swift in Sources */ = {isa = PBXBuildFile; fileRef = 3C0B8FBE22EF098300F16E13 /* HomeController.swift */; };
		3C0B8FEA22EF098300F16E13 /* RegisterController.swift in Sources */ = {isa = PBXBuildFile; fileRef = 3C0B8FBF22EF098300F16E13 /* RegisterController.swift */; };
		3C0B8FEB22EF098300F16E13 /* JobCell.xib in Resources */ = {isa = PBXBuildFile; fileRef = 3C0B8FC122EF098300F16E13 /* JobCell.xib */; };
		3C0B8FEC22EF098300F16E13 /* JobCell.swift in Sources */ = {isa = PBXBuildFile; fileRef = 3C0B8FC222EF098300F16E13 /* JobCell.swift */; };
		3C0B8FED22EF098300F16E13 /* BaseViewModel.swift in Sources */ = {isa = PBXBuildFile; fileRef = 3C0B8FC522EF098300F16E13 /* BaseViewModel.swift */; };
		3C0B8FEE22EF098300F16E13 /* TableSectionItem.swift in Sources */ = {isa = PBXBuildFile; fileRef = 3C0B8FC722EF098300F16E13 /* TableSectionItem.swift */; };
		3C0B8FEF22EF098300F16E13 /* APIResult.swift in Sources */ = {isa = PBXBuildFile; fileRef = 3C0B8FC822EF098300F16E13 /* APIResult.swift */; };
		3C0B8FF022EF098300F16E13 /* BaseController.swift in Sources */ = {isa = PBXBuildFile; fileRef = 3C0B8FCA22EF098300F16E13 /* BaseController.swift */; };
		3C0B8FF122EF098300F16E13 /* BaseNavigationController.swift in Sources */ = {isa = PBXBuildFile; fileRef = 3C0B8FCB22EF098300F16E13 /* BaseNavigationController.swift */; };
		3C0B8FF222EF098300F16E13 /* Constant.swift in Sources */ = {isa = PBXBuildFile; fileRef = 3C0B8FCE22EF098300F16E13 /* Constant.swift */; };
		3C0B8FF322EF098300F16E13 /* ActivityIndicator.swift in Sources */ = {isa = PBXBuildFile; fileRef = 3C0B8FD022EF098300F16E13 /* ActivityIndicator.swift */; };
		3C0B8FF422EF098300F16E13 /* ErrorType.swift in Sources */ = {isa = PBXBuildFile; fileRef = 3C0B8FD122EF098300F16E13 /* ErrorType.swift */; };
		3C0B8FF622EF0CF200F16E13 /* ErrorTracker.swift in Sources */ = {isa = PBXBuildFile; fileRef = 3C0B8FF522EF0CF200F16E13 /* ErrorTracker.swift */; };
		3C0B8FF822EF0D9800F16E13 /* Observable+Ext.swift in Sources */ = {isa = PBXBuildFile; fileRef = 3C0B8FF722EF0D9800F16E13 /* Observable+Ext.swift */; };
		3C0B8FFA22EF0DE500F16E13 /* Logger.swift in Sources */ = {isa = PBXBuildFile; fileRef = 3C0B8FF922EF0DE500F16E13 /* Logger.swift */; };
		3C0B8FFC22EF11F800F16E13 /* BaseTableController.swift in Sources */ = {isa = PBXBuildFile; fileRef = 3C0B8FFB22EF11F800F16E13 /* BaseTableController.swift */; };
		3C0B8FFE22EF120300F16E13 /* BaseTableView.swift in Sources */ = {isa = PBXBuildFile; fileRef = 3C0B8FFD22EF120300F16E13 /* BaseTableView.swift */; };
		3C0B900022EF129800F16E13 /* UIColor+Ext.swift in Sources */ = {isa = PBXBuildFile; fileRef = 3C0B8FFF22EF129800F16E13 /* UIColor+Ext.swift */; };
		3C0B900422EF136A00F16E13 /* UIViewController+Rx.swift in Sources */ = {isa = PBXBuildFile; fileRef = 3C0B900322EF136A00F16E13 /* UIViewController+Rx.swift */; };
		3C9706F522F92E3700551C31 /* BackController.swift in Sources */ = {isa = PBXBuildFile; fileRef = 3C9706F422F92E3700551C31 /* BackController.swift */; };
		3C9706F722F92E4D00551C31 /* TapItem.swift in Sources */ = {isa = PBXBuildFile; fileRef = 3C9706F622F92E4D00551C31 /* TapItem.swift */; };
		3C9706F922F92E7700551C31 /* UITextField+Ext.swift in Sources */ = {isa = PBXBuildFile; fileRef = 3C9706F822F92E7700551C31 /* UITextField+Ext.swift */; };
		412212B322F1EABD00AE352E /* UIViewController+Ext.swift in Sources */ = {isa = PBXBuildFile; fileRef = 412212B222F1EABD00AE352E /* UIViewController+Ext.swift */; };
		A7BFA96537B2407676DFF2F3 /* Pods_RxExamples.framework in Frameworks */ = {isa = PBXBuildFile; fileRef = 99099862A5B692348D851E0F /* Pods_RxExamples.framework */; };
/* End PBXBuildFile section */

/* Begin PBXFileReference section */
		1FA97B0CAB0F9472931F186E /* Pods-RxExamples.debug.xcconfig */ = {isa = PBXFileReference; includeInIndex = 1; lastKnownFileType = text.xcconfig; name = "Pods-RxExamples.debug.xcconfig"; path = "Target Support Files/Pods-RxExamples/Pods-RxExamples.debug.xcconfig"; sourceTree = "<group>"; };
		3C0B8F9B22EF098300F16E13 /* Assets.xcassets */ = {isa = PBXFileReference; lastKnownFileType = folder.assetcatalog; path = Assets.xcassets; sourceTree = "<group>"; };
		3C0B8F9D22EF098300F16E13 /* Base */ = {isa = PBXFileReference; lastKnownFileType = file.storyboard; name = Base; path = Base.lproj/LaunchScreen.storyboard; sourceTree = "<group>"; };
		3C0B8F9F22EF098300F16E13 /* Base */ = {isa = PBXFileReference; lastKnownFileType = file.storyboard; name = Base; path = Base.lproj/Main.storyboard; sourceTree = "<group>"; };
		3C0B8FA022EF098300F16E13 /* RxExamples-Bridging-Header.h */ = {isa = PBXFileReference; fileEncoding = 4; lastKnownFileType = sourcecode.c.h; path = "RxExamples-Bridging-Header.h"; sourceTree = "<group>"; };
		3C0B8FA122EF098300F16E13 /* Info.plist */ = {isa = PBXFileReference; fileEncoding = 4; lastKnownFileType = text.plist.xml; path = Info.plist; sourceTree = "<group>"; };
		3C0B8FA422EF098300F16E13 /* UserAPI.swift */ = {isa = PBXFileReference; fileEncoding = 4; lastKnownFileType = sourcecode.swift; path = UserAPI.swift; sourceTree = "<group>"; };
		3C0B8FA622EF098300F16E13 /* BaseAPI.swift */ = {isa = PBXFileReference; fileEncoding = 4; lastKnownFileType = sourcecode.swift; path = BaseAPI.swift; sourceTree = "<group>"; };
		3C0B8FA722EF098300F16E13 /* JobAPI.swift */ = {isa = PBXFileReference; fileEncoding = 4; lastKnownFileType = sourcecode.swift; path = JobAPI.swift; sourceTree = "<group>"; };
		3C0B8FA922EF098300F16E13 /* Response+Ext.swift */ = {isa = PBXFileReference; fileEncoding = 4; lastKnownFileType = sourcecode.swift; path = "Response+Ext.swift"; sourceTree = "<group>"; };
		3C0B8FAA22EF098300F16E13 /* UIStoryboard+Ext.swift */ = {isa = PBXFileReference; fileEncoding = 4; lastKnownFileType = sourcecode.swift; path = "UIStoryboard+Ext.swift"; sourceTree = "<group>"; };
		3C0B8FAB22EF098300F16E13 /* UITableView+Ext.swift */ = {isa = PBXFileReference; fileEncoding = 4; lastKnownFileType = sourcecode.swift; path = "UITableView+Ext.swift"; sourceTree = "<group>"; };
		3C0B8FAC22EF098300F16E13 /* ObservableType+Ext.swift */ = {isa = PBXFileReference; fileEncoding = 4; lastKnownFileType = sourcecode.swift; path = "ObservableType+Ext.swift"; sourceTree = "<group>"; };
		3C0B8FAD22EF098300F16E13 /* String+Ext.swift */ = {isa = PBXFileReference; fileEncoding = 4; lastKnownFileType = sourcecode.swift; path = "String+Ext.swift"; sourceTree = "<group>"; };
		3C0B8FAE22EF098300F16E13 /* Moya+Ext.swift */ = {isa = PBXFileReference; fileEncoding = 4; lastKnownFileType = sourcecode.swift; path = "Moya+Ext.swift"; sourceTree = "<group>"; };
		3C0B8FAF22EF098300F16E13 /* NSObject+Ext.swift */ = {isa = PBXFileReference; fileEncoding = 4; lastKnownFileType = sourcecode.swift; path = "NSObject+Ext.swift"; sourceTree = "<group>"; };
		3C0B8FB122EF098300F16E13 /* UINavigationBar+Ext.swift */ = {isa = PBXFileReference; fileEncoding = 4; lastKnownFileType = sourcecode.swift; path = "UINavigationBar+Ext.swift"; sourceTree = "<group>"; };
		3C0B8FB322EF098300F16E13 /* AppDelegate.swift */ = {isa = PBXFileReference; fileEncoding = 4; lastKnownFileType = sourcecode.swift; path = AppDelegate.swift; sourceTree = "<group>"; };
		3C0B8FB722EF098300F16E13 /* JobViewModel.swift */ = {isa = PBXFileReference; fileEncoding = 4; lastKnownFileType = sourcecode.swift; path = JobViewModel.swift; sourceTree = "<group>"; };
		3C0B8FB822EF098300F16E13 /* RegisterViewModel.swift */ = {isa = PBXFileReference; fileEncoding = 4; lastKnownFileType = sourcecode.swift; path = RegisterViewModel.swift; sourceTree = "<group>"; };
		3C0B8FBA22EF098300F16E13 /* JobItem.swift */ = {isa = PBXFileReference; fileEncoding = 4; lastKnownFileType = sourcecode.swift; path = JobItem.swift; sourceTree = "<group>"; };
		3C0B8FBC22EF098300F16E13 /* TapController.swift */ = {isa = PBXFileReference; fileEncoding = 4; lastKnownFileType = sourcecode.swift; path = TapController.swift; sourceTree = "<group>"; };
		3C0B8FBD22EF098300F16E13 /* JobController.swift */ = {isa = PBXFileReference; fileEncoding = 4; lastKnownFileType = sourcecode.swift; path = JobController.swift; sourceTree = "<group>"; };
		3C0B8FBE22EF098300F16E13 /* HomeController.swift */ = {isa = PBXFileReference; fileEncoding = 4; lastKnownFileType = sourcecode.swift; path = HomeController.swift; sourceTree = "<group>"; };
		3C0B8FBF22EF098300F16E13 /* RegisterController.swift */ = {isa = PBXFileReference; fileEncoding = 4; lastKnownFileType = sourcecode.swift; path = RegisterController.swift; sourceTree = "<group>"; };
		3C0B8FC122EF098300F16E13 /* JobCell.xib */ = {isa = PBXFileReference; fileEncoding = 4; lastKnownFileType = file.xib; path = JobCell.xib; sourceTree = "<group>"; };
		3C0B8FC222EF098300F16E13 /* JobCell.swift */ = {isa = PBXFileReference; fileEncoding = 4; lastKnownFileType = sourcecode.swift; path = JobCell.swift; sourceTree = "<group>"; };
		3C0B8FC522EF098300F16E13 /* BaseViewModel.swift */ = {isa = PBXFileReference; fileEncoding = 4; lastKnownFileType = sourcecode.swift; path = BaseViewModel.swift; sourceTree = "<group>"; };
		3C0B8FC722EF098300F16E13 /* TableSectionItem.swift */ = {isa = PBXFileReference; fileEncoding = 4; lastKnownFileType = sourcecode.swift; path = TableSectionItem.swift; sourceTree = "<group>"; };
		3C0B8FC822EF098300F16E13 /* APIResult.swift */ = {isa = PBXFileReference; fileEncoding = 4; lastKnownFileType = sourcecode.swift; path = APIResult.swift; sourceTree = "<group>"; };
		3C0B8FCA22EF098300F16E13 /* BaseController.swift */ = {isa = PBXFileReference; fileEncoding = 4; lastKnownFileType = sourcecode.swift; path = BaseController.swift; sourceTree = "<group>"; };
		3C0B8FCB22EF098300F16E13 /* BaseNavigationController.swift */ = {isa = PBXFileReference; fileEncoding = 4; lastKnownFileType = sourcecode.swift; path = BaseNavigationController.swift; sourceTree = "<group>"; };
		3C0B8FCE22EF098300F16E13 /* Constant.swift */ = {isa = PBXFileReference; fileEncoding = 4; lastKnownFileType = sourcecode.swift; path = Constant.swift; sourceTree = "<group>"; };
		3C0B8FD022EF098300F16E13 /* ActivityIndicator.swift */ = {isa = PBXFileReference; fileEncoding = 4; lastKnownFileType = sourcecode.swift; path = ActivityIndicator.swift; sourceTree = "<group>"; };
		3C0B8FD122EF098300F16E13 /* ErrorType.swift */ = {isa = PBXFileReference; fileEncoding = 4; lastKnownFileType = sourcecode.swift; path = ErrorType.swift; sourceTree = "<group>"; };
		3C0B8FF522EF0CF200F16E13 /* ErrorTracker.swift */ = {isa = PBXFileReference; fileEncoding = 4; lastKnownFileType = sourcecode.swift; path = ErrorTracker.swift; sourceTree = "<group>"; };
		3C0B8FF722EF0D9800F16E13 /* Observable+Ext.swift */ = {isa = PBXFileReference; fileEncoding = 4; lastKnownFileType = sourcecode.swift; path = "Observable+Ext.swift"; sourceTree = "<group>"; };
		3C0B8FF922EF0DE500F16E13 /* Logger.swift */ = {isa = PBXFileReference; fileEncoding = 4; lastKnownFileType = sourcecode.swift; path = Logger.swift; sourceTree = "<group>"; };
		3C0B8FFB22EF11F800F16E13 /* BaseTableController.swift */ = {isa = PBXFileReference; fileEncoding = 4; lastKnownFileType = sourcecode.swift; path = BaseTableController.swift; sourceTree = "<group>"; };
		3C0B8FFD22EF120300F16E13 /* BaseTableView.swift */ = {isa = PBXFileReference; fileEncoding = 4; lastKnownFileType = sourcecode.swift; path = BaseTableView.swift; sourceTree = "<group>"; };
		3C0B8FFF22EF129800F16E13 /* UIColor+Ext.swift */ = {isa = PBXFileReference; fileEncoding = 4; lastKnownFileType = sourcecode.swift; path = "UIColor+Ext.swift"; sourceTree = "<group>"; };
		3C0B900322EF136A00F16E13 /* UIViewController+Rx.swift */ = {isa = PBXFileReference; fileEncoding = 4; lastKnownFileType = sourcecode.swift; path = "UIViewController+Rx.swift"; sourceTree = "<group>"; };
		3C7737F5229BEDC100CFC54D /* RxExamples.app */ = {isa = PBXFileReference; explicitFileType = wrapper.application; includeInIndex = 0; path = RxExamples.app; sourceTree = BUILT_PRODUCTS_DIR; };
		3C9706F422F92E3700551C31 /* BackController.swift */ = {isa = PBXFileReference; fileEncoding = 4; lastKnownFileType = sourcecode.swift; path = BackController.swift; sourceTree = "<group>"; };
		3C9706F622F92E4D00551C31 /* TapItem.swift */ = {isa = PBXFileReference; fileEncoding = 4; lastKnownFileType = sourcecode.swift; path = TapItem.swift; sourceTree = "<group>"; };
		3C9706F822F92E7700551C31 /* UITextField+Ext.swift */ = {isa = PBXFileReference; fileEncoding = 4; lastKnownFileType = sourcecode.swift; path = "UITextField+Ext.swift"; sourceTree = "<group>"; };
		412212B222F1EABD00AE352E /* UIViewController+Ext.swift */ = {isa = PBXFileReference; fileEncoding = 4; lastKnownFileType = sourcecode.swift; path = "UIViewController+Ext.swift"; sourceTree = "<group>"; };
		99099862A5B692348D851E0F /* Pods_RxExamples.framework */ = {isa = PBXFileReference; explicitFileType = wrapper.framework; includeInIndex = 0; path = Pods_RxExamples.framework; sourceTree = BUILT_PRODUCTS_DIR; };
		AA3E8040E72BB87731D70522 /* Pods-RxExamples.release.xcconfig */ = {isa = PBXFileReference; includeInIndex = 1; lastKnownFileType = text.xcconfig; name = "Pods-RxExamples.release.xcconfig"; path = "Target Support Files/Pods-RxExamples/Pods-RxExamples.release.xcconfig"; sourceTree = "<group>"; };
/* End PBXFileReference section */

/* Begin PBXFrameworksBuildPhase section */
		3C7737F2229BEDC100CFC54D /* Frameworks */ = {
			isa = PBXFrameworksBuildPhase;
			buildActionMask = 2147483647;
			files = (
				A7BFA96537B2407676DFF2F3 /* Pods_RxExamples.framework in Frameworks */,
			);
			runOnlyForDeploymentPostprocessing = 0;
		};
/* End PBXFrameworksBuildPhase section */

/* Begin PBXGroup section */
		3C0B8F9A22EF098300F16E13 /* Resources */ = {
			isa = PBXGroup;
			children = (
				3C0B8F9B22EF098300F16E13 /* Assets.xcassets */,
				3C0B8F9C22EF098300F16E13 /* LaunchScreen.storyboard */,
				3C0B8F9E22EF098300F16E13 /* Main.storyboard */,
				3C0B8FA022EF098300F16E13 /* RxExamples-Bridging-Header.h */,
				3C0B8FA122EF098300F16E13 /* Info.plist */,
			);
			path = Resources;
			sourceTree = "<group>";
		};
		3C0B8FA222EF098300F16E13 /* Classes */ = {
			isa = PBXGroup;
			children = (
				3C0B8FB222EF098300F16E13 /* AppDelegate */,
				3C0B8FC322EF098300F16E13 /* Base */,
				3C0B8FA822EF098300F16E13 /* Extensions */,
				3C0B8FB422EF098300F16E13 /* Modules */,
				3C0B8FA322EF098300F16E13 /* Network */,
				3C0B8FCD22EF098300F16E13 /* Utility */,
			);
			path = Classes;
			sourceTree = "<group>";
		};
		3C0B8FA322EF098300F16E13 /* Network */ = {
			isa = PBXGroup;
			children = (
				3C0B8FA622EF098300F16E13 /* BaseAPI.swift */,
				3C0B8FA722EF098300F16E13 /* JobAPI.swift */,
				3C0B8FA422EF098300F16E13 /* UserAPI.swift */,
			);
			path = Network;
			sourceTree = "<group>";
		};
		3C0B8FA822EF098300F16E13 /* Extensions */ = {
			isa = PBXGroup;
			children = (
				3C0B8FAE22EF098300F16E13 /* Moya+Ext.swift */,
				3C0B8FAF22EF098300F16E13 /* NSObject+Ext.swift */,
				3C0B8FF722EF0D9800F16E13 /* Observable+Ext.swift */,
				3C0B8FAC22EF098300F16E13 /* ObservableType+Ext.swift */,
				3C0B8FA922EF098300F16E13 /* Response+Ext.swift */,
				3C0B8FAD22EF098300F16E13 /* String+Ext.swift */,
				3C0B8FFF22EF129800F16E13 /* UIColor+Ext.swift */,
				3C0B8FB122EF098300F16E13 /* UINavigationBar+Ext.swift */,
				3C0B8FAA22EF098300F16E13 /* UIStoryboard+Ext.swift */,
				3C0B8FAB22EF098300F16E13 /* UITableView+Ext.swift */,
				3C9706F822F92E7700551C31 /* UITextField+Ext.swift */,
				412212B222F1EABD00AE352E /* UIViewController+Ext.swift */,
				3C0B900322EF136A00F16E13 /* UIViewController+Rx.swift */,
			);
			path = Extensions;
			sourceTree = "<group>";
		};
		3C0B8FB222EF098300F16E13 /* AppDelegate */ = {
			isa = PBXGroup;
			children = (
				3C0B8FB322EF098300F16E13 /* AppDelegate.swift */,
			);
			path = AppDelegate;
			sourceTree = "<group>";
		};
		3C0B8FB422EF098300F16E13 /* Modules */ = {
			isa = PBXGroup;
			children = (
				3C0B8FB522EF098300F16E13 /* Home */,
			);
			path = Modules;
			sourceTree = "<group>";
		};
		3C0B8FB522EF098300F16E13 /* Home */ = {
			isa = PBXGroup;
			children = (
				3C0B8FBB22EF098300F16E13 /* Controllers */,
				3C0B8FB922EF098300F16E13 /* Models */,
				3C0B8FB622EF098300F16E13 /* ViewModels */,
				3C0B8FC022EF098300F16E13 /* Views */,
			);
			path = Home;
			sourceTree = "<group>";
		};
		3C0B8FB622EF098300F16E13 /* ViewModels */ = {
			isa = PBXGroup;
			children = (
				3C0B8FB722EF098300F16E13 /* JobViewModel.swift */,
				3C0B8FB822EF098300F16E13 /* RegisterViewModel.swift */,
			);
			path = ViewModels;
			sourceTree = "<group>";
		};
		3C0B8FB922EF098300F16E13 /* Models */ = {
			isa = PBXGroup;
			children = (
				3C9706F622F92E4D00551C31 /* TapItem.swift */,
				3C0B8FBA22EF098300F16E13 /* JobItem.swift */,
			);
			path = Models;
			sourceTree = "<group>";
		};
		3C0B8FBB22EF098300F16E13 /* Controllers */ = {
			isa = PBXGroup;
			children = (
				3C0B8FBE22EF098300F16E13 /* HomeController.swift */,
				3C0B8FBD22EF098300F16E13 /* JobController.swift */,
				3C0B8FBF22EF098300F16E13 /* RegisterController.swift */,
				3C0B8FBC22EF098300F16E13 /* TapController.swift */,
				3C9706F422F92E3700551C31 /* BackController.swift */,
			);
			path = Controllers;
			sourceTree = "<group>";
		};
		3C0B8FC022EF098300F16E13 /* Views */ = {
			isa = PBXGroup;
			children = (
				3C0B8FC222EF098300F16E13 /* JobCell.swift */,
				3C0B8FC122EF098300F16E13 /* JobCell.xib */,
			);
			path = Views;
			sourceTree = "<group>";
		};
		3C0B8FC322EF098300F16E13 /* Base */ = {
			isa = PBXGroup;
			children = (
				3C0B8FC922EF098300F16E13 /* Controllers */,
				3C0B8FC622EF098300F16E13 /* Models */,
				3C0B8FC422EF098300F16E13 /* ViewModels */,
				3C0B8FCC22EF098300F16E13 /* Views */,
			);
			path = Base;
			sourceTree = "<group>";
		};
		3C0B8FC422EF098300F16E13 /* ViewModels */ = {
			isa = PBXGroup;
			children = (
				3C0B8FC522EF098300F16E13 /* BaseViewModel.swift */,
			);
			path = ViewModels;
			sourceTree = "<group>";
		};
		3C0B8FC622EF098300F16E13 /* Models */ = {
			isa = PBXGroup;
			children = (
				3C0B8FC722EF098300F16E13 /* TableSectionItem.swift */,
				3C0B8FC822EF098300F16E13 /* APIResult.swift */,
			);
			path = Models;
			sourceTree = "<group>";
		};
		3C0B8FC922EF098300F16E13 /* Controllers */ = {
			isa = PBXGroup;
			children = (
				3C0B8FCA22EF098300F16E13 /* BaseController.swift */,
				3C0B8FCB22EF098300F16E13 /* BaseNavigationController.swift */,
				3C0B8FFB22EF11F800F16E13 /* BaseTableController.swift */,
			);
			path = Controllers;
			sourceTree = "<group>";
		};
		3C0B8FCC22EF098300F16E13 /* Views */ = {
			isa = PBXGroup;
			children = (
				3C0B8FFD22EF120300F16E13 /* BaseTableView.swift */,
			);
			path = Views;
			sourceTree = "<group>";
		};
		3C0B8FCD22EF098300F16E13 /* Utility */ = {
			isa = PBXGroup;
			children = (
				3C0B8FF922EF0DE500F16E13 /* Logger.swift */,
				3C0B8FCE22EF098300F16E13 /* Constant.swift */,
				3C0B8FCF22EF098300F16E13 /* ViewModel */,
			);
			path = Utility;
			sourceTree = "<group>";
		};
		3C0B8FCF22EF098300F16E13 /* ViewModel */ = {
			isa = PBXGroup;
			children = (
				3C0B8FF522EF0CF200F16E13 /* ErrorTracker.swift */,
				3C0B8FD022EF098300F16E13 /* ActivityIndicator.swift */,
				3C0B8FD122EF098300F16E13 /* ErrorType.swift */,
			);
			path = ViewModel;
			sourceTree = "<group>";
		};
		3C7737EC229BEDC100CFC54D = {
			isa = PBXGroup;
			children = (
				3C7737F7229BEDC100CFC54D /* RxExamples */,
				3C7737F6229BEDC100CFC54D /* Products */,
				559DB783BCEAD5EF9122338B /* Pods */,
				50748A27034F7DA3435110E1 /* Frameworks */,
			);
			sourceTree = "<group>";
		};
		3C7737F6229BEDC100CFC54D /* Products */ = {
			isa = PBXGroup;
			children = (
				3C7737F5229BEDC100CFC54D /* RxExamples.app */,
			);
			name = Products;
			sourceTree = "<group>";
		};
		3C7737F7229BEDC100CFC54D /* RxExamples */ = {
			isa = PBXGroup;
			children = (
				3C0B8FA222EF098300F16E13 /* Classes */,
				3C0B8F9A22EF098300F16E13 /* Resources */,
			);
			path = RxExamples;
			sourceTree = "<group>";
		};
		50748A27034F7DA3435110E1 /* Frameworks */ = {
			isa = PBXGroup;
			children = (
				99099862A5B692348D851E0F /* Pods_RxExamples.framework */,
			);
			name = Frameworks;
			sourceTree = "<group>";
		};
		559DB783BCEAD5EF9122338B /* Pods */ = {
			isa = PBXGroup;
			children = (
				1FA97B0CAB0F9472931F186E /* Pods-RxExamples.debug.xcconfig */,
				AA3E8040E72BB87731D70522 /* Pods-RxExamples.release.xcconfig */,
			);
			path = Pods;
			sourceTree = "<group>";
		};
/* End PBXGroup section */

/* Begin PBXNativeTarget section */
		3C7737F4229BEDC100CFC54D /* RxExamples */ = {
			isa = PBXNativeTarget;
			buildConfigurationList = 3C773807229BEDC300CFC54D /* Build configuration list for PBXNativeTarget "RxExamples" */;
			buildPhases = (
				BB19B615EA2F44A5DF02197A /* [CP] Check Pods Manifest.lock */,
				3C7737F1229BEDC100CFC54D /* Sources */,
				3C7737F2229BEDC100CFC54D /* Frameworks */,
				3C7737F3229BEDC100CFC54D /* Resources */,
				50B6FC975373CDB622F74523 /* [CP] Embed Pods Frameworks */,
			);
			buildRules = (
			);
			dependencies = (
			);
			name = RxExamples;
			productName = RxExamples;
			productReference = 3C7737F5229BEDC100CFC54D /* RxExamples.app */;
			productType = "com.apple.product-type.application";
		};
/* End PBXNativeTarget section */

/* Begin PBXProject section */
		3C7737ED229BEDC100CFC54D /* Project object */ = {
			isa = PBXProject;
			attributes = {
				LastSwiftUpdateCheck = 1020;
				LastUpgradeCheck = 1020;
				ORGANIZATIONNAME = "晋先森";
				TargetAttributes = {
					3C7737F4229BEDC100CFC54D = {
						CreatedOnToolsVersion = 10.2;
						LastSwiftMigration = 1020;
					};
				};
			};
			buildConfigurationList = 3C7737F0229BEDC100CFC54D /* Build configuration list for PBXProject "RxExamples" */;
			compatibilityVersion = "Xcode 9.3";
			developmentRegion = en;
			hasScannedForEncodings = 0;
			knownRegions = (
				en,
				Base,
			);
			mainGroup = 3C7737EC229BEDC100CFC54D;
			productRefGroup = 3C7737F6229BEDC100CFC54D /* Products */;
			projectDirPath = "";
			projectRoot = "";
			targets = (
				3C7737F4229BEDC100CFC54D /* RxExamples */,
			);
		};
/* End PBXProject section */

/* Begin PBXResourcesBuildPhase section */
		3C7737F3229BEDC100CFC54D /* Resources */ = {
			isa = PBXResourcesBuildPhase;
			buildActionMask = 2147483647;
			files = (
				3C0B8FD422EF098300F16E13 /* Main.storyboard in Resources */,
				3C0B8FD222EF098300F16E13 /* Assets.xcassets in Resources */,
				3C0B8FD322EF098300F16E13 /* LaunchScreen.storyboard in Resources */,
				3C0B8FEB22EF098300F16E13 /* JobCell.xib in Resources */,
			);
			runOnlyForDeploymentPostprocessing = 0;
		};
/* End PBXResourcesBuildPhase section */

/* Begin PBXShellScriptBuildPhase section */
		50B6FC975373CDB622F74523 /* [CP] Embed Pods Frameworks */ = {
			isa = PBXShellScriptBuildPhase;
			buildActionMask = 2147483647;
			files = (
			);
			inputFileListPaths = (
				"${PODS_ROOT}/Target Support Files/Pods-RxExamples/Pods-RxExamples-frameworks-${CONFIGURATION}-input-files.xcfilelist",
			);
			name = "[CP] Embed Pods Frameworks";
			outputFileListPaths = (
				"${PODS_ROOT}/Target Support Files/Pods-RxExamples/Pods-RxExamples-frameworks-${CONFIGURATION}-output-files.xcfilelist",
			);
			runOnlyForDeploymentPostprocessing = 0;
			shellPath = /bin/sh;
			shellScript = "\"${PODS_ROOT}/Target Support Files/Pods-RxExamples/Pods-RxExamples-frameworks.sh\"\n";
			showEnvVarsInLog = 0;
		};
		BB19B615EA2F44A5DF02197A /* [CP] Check Pods Manifest.lock */ = {
			isa = PBXShellScriptBuildPhase;
			buildActionMask = 2147483647;
			files = (
			);
			inputFileListPaths = (
			);
			inputPaths = (
				"${PODS_PODFILE_DIR_PATH}/Podfile.lock",
				"${PODS_ROOT}/Manifest.lock",
			);
			name = "[CP] Check Pods Manifest.lock";
			outputFileListPaths = (
			);
			outputPaths = (
				"$(DERIVED_FILE_DIR)/Pods-RxExamples-checkManifestLockResult.txt",
			);
			runOnlyForDeploymentPostprocessing = 0;
			shellPath = /bin/sh;
			shellScript = "diff \"${PODS_PODFILE_DIR_PATH}/Podfile.lock\" \"${PODS_ROOT}/Manifest.lock\" > /dev/null\nif [ $? != 0 ] ; then\n    # print error to STDERR\n    echo \"error: The sandbox is not in sync with the Podfile.lock. Run 'pod install' or update your CocoaPods installation.\" >&2\n    exit 1\nfi\n# This output is used by Xcode 'outputs' to avoid re-running this script phase.\necho \"SUCCESS\" > \"${SCRIPT_OUTPUT_FILE_0}\"\n";
			showEnvVarsInLog = 0;
		};
/* End PBXShellScriptBuildPhase section */

/* Begin PBXSourcesBuildPhase section */
		3C7737F1229BEDC100CFC54D /* Sources */ = {
			isa = PBXSourcesBuildPhase;
			buildActionMask = 2147483647;
			files = (
				3C0B8FE022EF098300F16E13 /* NSObject+Ext.swift in Sources */,
				3C9706F722F92E4D00551C31 /* TapItem.swift in Sources */,
				3C0B8FE822EF098300F16E13 /* JobController.swift in Sources */,
				3C0B8FE222EF098300F16E13 /* UINavigationBar+Ext.swift in Sources */,
				3C0B8FDE22EF098300F16E13 /* String+Ext.swift in Sources */,
				3C0B8FE922EF098300F16E13 /* HomeController.swift in Sources */,
				3C0B8FE722EF098300F16E13 /* TapController.swift in Sources */,
				3C0B8FFE22EF120300F16E13 /* BaseTableView.swift in Sources */,
				3C0B900022EF129800F16E13 /* UIColor+Ext.swift in Sources */,
				3C0B8FEF22EF098300F16E13 /* APIResult.swift in Sources */,
				3C0B8FFA22EF0DE500F16E13 /* Logger.swift in Sources */,
				3C0B8FF222EF098300F16E13 /* Constant.swift in Sources */,
				3C0B8FE522EF098300F16E13 /* RegisterViewModel.swift in Sources */,
				3C0B8FEC22EF098300F16E13 /* JobCell.swift in Sources */,
				3C0B8FE322EF098300F16E13 /* AppDelegate.swift in Sources */,
				3C0B8FE622EF098300F16E13 /* JobItem.swift in Sources */,
				3C0B8FF822EF0D9800F16E13 /* Observable+Ext.swift in Sources */,
				3C0B8FEE22EF098300F16E13 /* TableSectionItem.swift in Sources */,
				3C0B8FD622EF098300F16E13 /* UserAPI.swift in Sources */,
				3C9706F922F92E7700551C31 /* UITextField+Ext.swift in Sources */,
				3C0B8FE422EF098300F16E13 /* JobViewModel.swift in Sources */,
				3C0B8FF422EF098300F16E13 /* ErrorType.swift in Sources */,
				3C0B8FFC22EF11F800F16E13 /* BaseTableController.swift in Sources */,
				3C0B8FDA22EF098300F16E13 /* Response+Ext.swift in Sources */,
				3C0B900422EF136A00F16E13 /* UIViewController+Rx.swift in Sources */,
				3C0B8FF022EF098300F16E13 /* BaseController.swift in Sources */,
				3C0B8FF622EF0CF200F16E13 /* ErrorTracker.swift in Sources */,
				3C0B8FED22EF098300F16E13 /* BaseViewModel.swift in Sources */,
				412212B322F1EABD00AE352E /* UIViewController+Ext.swift in Sources */,
				3C9706F522F92E3700551C31 /* BackController.swift in Sources */,
				3C0B8FDB22EF098300F16E13 /* UIStoryboard+Ext.swift in Sources */,
				3C0B8FDF22EF098300F16E13 /* Moya+Ext.swift in Sources */,
				3C0B8FDC22EF098300F16E13 /* UITableView+Ext.swift in Sources */,
				3C0B8FEA22EF098300F16E13 /* RegisterController.swift in Sources */,
				3C0B8FF122EF098300F16E13 /* BaseNavigationController.swift in Sources */,
				3C0B8FD922EF098300F16E13 /* JobAPI.swift in Sources */,
				3C0B8FF322EF098300F16E13 /* ActivityIndicator.swift in Sources */,
				3C0B8FDD22EF098300F16E13 /* ObservableType+Ext.swift in Sources */,
				3C0B8FD822EF098300F16E13 /* BaseAPI.swift in Sources */,
			);
			runOnlyForDeploymentPostprocessing = 0;
		};
/* End PBXSourcesBuildPhase section */

/* Begin PBXVariantGroup section */
		3C0B8F9C22EF098300F16E13 /* LaunchScreen.storyboard */ = {
			isa = PBXVariantGroup;
			children = (
				3C0B8F9D22EF098300F16E13 /* Base */,
			);
			name = LaunchScreen.storyboard;
			sourceTree = "<group>";
		};
		3C0B8F9E22EF098300F16E13 /* Main.storyboard */ = {
			isa = PBXVariantGroup;
			children = (
				3C0B8F9F22EF098300F16E13 /* Base */,
			);
			name = Main.storyboard;
			sourceTree = "<group>";
		};
/* End PBXVariantGroup section */

/* Begin XCBuildConfiguration section */
		3C773805229BEDC300CFC54D /* Debug */ = {
			isa = XCBuildConfiguration;
			buildSettings = {
				ALWAYS_SEARCH_USER_PATHS = NO;
				CLANG_ANALYZER_NONNULL = YES;
				CLANG_ANALYZER_NUMBER_OBJECT_CONVERSION = YES_AGGRESSIVE;
				CLANG_CXX_LANGUAGE_STANDARD = "gnu++14";
				CLANG_CXX_LIBRARY = "libc++";
				CLANG_ENABLE_MODULES = YES;
				CLANG_ENABLE_OBJC_ARC = YES;
				CLANG_ENABLE_OBJC_WEAK = YES;
				CLANG_WARN_BLOCK_CAPTURE_AUTORELEASING = YES;
				CLANG_WARN_BOOL_CONVERSION = YES;
				CLANG_WARN_COMMA = YES;
				CLANG_WARN_CONSTANT_CONVERSION = YES;
				CLANG_WARN_DEPRECATED_OBJC_IMPLEMENTATIONS = YES;
				CLANG_WARN_DIRECT_OBJC_ISA_USAGE = YES_ERROR;
				CLANG_WARN_DOCUMENTATION_COMMENTS = YES;
				CLANG_WARN_EMPTY_BODY = YES;
				CLANG_WARN_ENUM_CONVERSION = YES;
				CLANG_WARN_INFINITE_RECURSION = YES;
				CLANG_WARN_INT_CONVERSION = YES;
				CLANG_WARN_NON_LITERAL_NULL_CONVERSION = YES;
				CLANG_WARN_OBJC_IMPLICIT_RETAIN_SELF = YES;
				CLANG_WARN_OBJC_LITERAL_CONVERSION = YES;
				CLANG_WARN_OBJC_ROOT_CLASS = YES_ERROR;
				CLANG_WARN_RANGE_LOOP_ANALYSIS = YES;
				CLANG_WARN_STRICT_PROTOTYPES = YES;
				CLANG_WARN_SUSPICIOUS_MOVE = YES;
				CLANG_WARN_UNGUARDED_AVAILABILITY = YES_AGGRESSIVE;
				CLANG_WARN_UNREACHABLE_CODE = YES;
				CLANG_WARN__DUPLICATE_METHOD_MATCH = YES;
				CODE_SIGN_IDENTITY = "iPhone Developer";
				COPY_PHASE_STRIP = NO;
				DEBUG_INFORMATION_FORMAT = dwarf;
				ENABLE_STRICT_OBJC_MSGSEND = YES;
				ENABLE_TESTABILITY = YES;
				GCC_C_LANGUAGE_STANDARD = gnu11;
				GCC_DYNAMIC_NO_PIC = NO;
				GCC_NO_COMMON_BLOCKS = YES;
				GCC_OPTIMIZATION_LEVEL = 0;
				GCC_PREPROCESSOR_DEFINITIONS = (
					"DEBUG=1",
					"$(inherited)",
				);
				GCC_WARN_64_TO_32_BIT_CONVERSION = YES;
				GCC_WARN_ABOUT_RETURN_TYPE = YES_ERROR;
				GCC_WARN_UNDECLARED_SELECTOR = YES;
				GCC_WARN_UNINITIALIZED_AUTOS = YES_AGGRESSIVE;
				GCC_WARN_UNUSED_FUNCTION = YES;
				GCC_WARN_UNUSED_VARIABLE = YES;
				IPHONEOS_DEPLOYMENT_TARGET = 12.2;
				MTL_ENABLE_DEBUG_INFO = INCLUDE_SOURCE;
				MTL_FAST_MATH = YES;
				ONLY_ACTIVE_ARCH = YES;
				SDKROOT = iphoneos;
				SWIFT_ACTIVE_COMPILATION_CONDITIONS = DEBUG;
				SWIFT_OPTIMIZATION_LEVEL = "-Onone";
			};
			name = Debug;
		};
		3C773806229BEDC300CFC54D /* Release */ = {
			isa = XCBuildConfiguration;
			buildSettings = {
				ALWAYS_SEARCH_USER_PATHS = NO;
				CLANG_ANALYZER_NONNULL = YES;
				CLANG_ANALYZER_NUMBER_OBJECT_CONVERSION = YES_AGGRESSIVE;
				CLANG_CXX_LANGUAGE_STANDARD = "gnu++14";
				CLANG_CXX_LIBRARY = "libc++";
				CLANG_ENABLE_MODULES = YES;
				CLANG_ENABLE_OBJC_ARC = YES;
				CLANG_ENABLE_OBJC_WEAK = YES;
				CLANG_WARN_BLOCK_CAPTURE_AUTORELEASING = YES;
				CLANG_WARN_BOOL_CONVERSION = YES;
				CLANG_WARN_COMMA = YES;
				CLANG_WARN_CONSTANT_CONVERSION = YES;
				CLANG_WARN_DEPRECATED_OBJC_IMPLEMENTATIONS = YES;
				CLANG_WARN_DIRECT_OBJC_ISA_USAGE = YES_ERROR;
				CLANG_WARN_DOCUMENTATION_COMMENTS = YES;
				CLANG_WARN_EMPTY_BODY = YES;
				CLANG_WARN_ENUM_CONVERSION = YES;
				CLANG_WARN_INFINITE_RECURSION = YES;
				CLANG_WARN_INT_CONVERSION = YES;
				CLANG_WARN_NON_LITERAL_NULL_CONVERSION = YES;
				CLANG_WARN_OBJC_IMPLICIT_RETAIN_SELF = YES;
				CLANG_WARN_OBJC_LITERAL_CONVERSION = YES;
				CLANG_WARN_OBJC_ROOT_CLASS = YES_ERROR;
				CLANG_WARN_RANGE_LOOP_ANALYSIS = YES;
				CLANG_WARN_STRICT_PROTOTYPES = YES;
				CLANG_WARN_SUSPICIOUS_MOVE = YES;
				CLANG_WARN_UNGUARDED_AVAILABILITY = YES_AGGRESSIVE;
				CLANG_WARN_UNREACHABLE_CODE = YES;
				CLANG_WARN__DUPLICATE_METHOD_MATCH = YES;
				CODE_SIGN_IDENTITY = "iPhone Developer";
				COPY_PHASE_STRIP = NO;
				DEBUG_INFORMATION_FORMAT = "dwarf-with-dsym";
				ENABLE_NS_ASSERTIONS = NO;
				ENABLE_STRICT_OBJC_MSGSEND = YES;
				GCC_C_LANGUAGE_STANDARD = gnu11;
				GCC_NO_COMMON_BLOCKS = YES;
				GCC_WARN_64_TO_32_BIT_CONVERSION = YES;
				GCC_WARN_ABOUT_RETURN_TYPE = YES_ERROR;
				GCC_WARN_UNDECLARED_SELECTOR = YES;
				GCC_WARN_UNINITIALIZED_AUTOS = YES_AGGRESSIVE;
				GCC_WARN_UNUSED_FUNCTION = YES;
				GCC_WARN_UNUSED_VARIABLE = YES;
				IPHONEOS_DEPLOYMENT_TARGET = 12.2;
				MTL_ENABLE_DEBUG_INFO = NO;
				MTL_FAST_MATH = YES;
				SDKROOT = iphoneos;
				SWIFT_COMPILATION_MODE = wholemodule;
				SWIFT_OPTIMIZATION_LEVEL = "-O";
				VALIDATE_PRODUCT = YES;
			};
			name = Release;
		};
		3C773808229BEDC300CFC54D /* Debug */ = {
			isa = XCBuildConfiguration;
			baseConfigurationReference = 1FA97B0CAB0F9472931F186E /* Pods-RxExamples.debug.xcconfig */;
			buildSettings = {
				ASSETCATALOG_COMPILER_APPICON_NAME = AppIcon;
				CLANG_ENABLE_MODULES = YES;
				CODE_SIGN_STYLE = Automatic;
				INFOPLIST_FILE = "$(SRCROOT)/RxExamples/Resources/Info.plist";
				IPHONEOS_DEPLOYMENT_TARGET = 9.0;
				LD_RUNPATH_SEARCH_PATHS = (
					"$(inherited)",
					"@executable_path/Frameworks",
				);
				PRODUCT_BUNDLE_IDENTIFIER = com.jinxiansen.RxExamples;
				PRODUCT_NAME = "$(TARGET_NAME)";
				SWIFT_OBJC_BRIDGING_HEADER = "RxExamples/Resources/RxExamples-Bridging-Header.h";
				SWIFT_OPTIMIZATION_LEVEL = "-Onone";
				SWIFT_VERSION = 5.0;
				TARGETED_DEVICE_FAMILY = 1;
			};
			name = Debug;
		};
		3C773809229BEDC300CFC54D /* Release */ = {
			isa = XCBuildConfiguration;
			baseConfigurationReference = AA3E8040E72BB87731D70522 /* Pods-RxExamples.release.xcconfig */;
			buildSettings = {
				ASSETCATALOG_COMPILER_APPICON_NAME = AppIcon;
				CLANG_ENABLE_MODULES = YES;
				CODE_SIGN_STYLE = Automatic;
				INFOPLIST_FILE = "$(SRCROOT)/RxExamples/Resources/Info.plist";
				IPHONEOS_DEPLOYMENT_TARGET = 9.0;
				LD_RUNPATH_SEARCH_PATHS = (
					"$(inherited)",
					"@executable_path/Frameworks",
				);
				PRODUCT_BUNDLE_IDENTIFIER = com.jinxiansen.RxExamples;
				PRODUCT_NAME = "$(TARGET_NAME)";
				SWIFT_OBJC_BRIDGING_HEADER = "RxExamples/Resources/RxExamples-Bridging-Header.h";
				SWIFT_VERSION = 5.0;
				TARGETED_DEVICE_FAMILY = 1;
			};
			name = Release;
		};
/* End XCBuildConfiguration section */

/* Begin XCConfigurationList section */
		3C7737F0229BEDC100CFC54D /* Build configuration list for PBXProject "RxExamples" */ = {
			isa = XCConfigurationList;
			buildConfigurations = (
				3C773805229BEDC300CFC54D /* Debug */,
				3C773806229BEDC300CFC54D /* Release */,
			);
			defaultConfigurationIsVisible = 0;
			defaultConfigurationName = Release;
		};
		3C773807229BEDC300CFC54D /* Build configuration list for PBXNativeTarget "RxExamples" */ = {
			isa = XCConfigurationList;
			buildConfigurations = (
				3C773808229BEDC300CFC54D /* Debug */,
				3C773809229BEDC300CFC54D /* Release */,
			);
			defaultConfigurationIsVisible = 0;
			defaultConfigurationName = Release;
		};
/* End XCConfigurationList section */
	};
	rootObject = 3C7737ED229BEDC100CFC54D /* Project object */;
}
