// !$*UTF8*$!
{
	archiveVersion = 1;
	classes = {
	};
	objectVersion = 50;
	objects = {

/* Begin PBXBuildFile section */
		3C7737F9229BEDC100CFC54D /* AppDelegate.swift in Sources */ = {isa = PBXBuildFile; fileRef = 3C7737F8229BEDC100CFC54D /* AppDelegate.swift */; };
		3C7737FB229BEDC100CFC54D /* HomeController.swift in Sources */ = {isa = PBXBuildFile; fileRef = 3C7737FA229BEDC100CFC54D /* HomeController.swift */; };
		3C7737FE229BEDC100CFC54D /* Main.storyboard in Resources */ = {isa = PBXBuildFile; fileRef = 3C7737FC229BEDC100CFC54D /* Main.storyboard */; };
		3C773800229BEDC300CFC54D /* Assets.xcassets in Resources */ = {isa = PBXBuildFile; fileRef = 3C7737FF229BEDC300CFC54D /* Assets.xcassets */; };
		3C773803229BEDC300CFC54D /* LaunchScreen.storyboard in Resources */ = {isa = PBXBuildFile; fileRef = 3C773801229BEDC300CFC54D /* LaunchScreen.storyboard */; };
		3C77380F229BF48B00CFC54D /* NSObject+Ext.swift in Sources */ = {isa = PBXBuildFile; fileRef = 3C77380E229BF48B00CFC54D /* NSObject+Ext.swift */; };
		3C773811229BF65900CFC54D /* SectionItem.swift in Sources */ = {isa = PBXBuildFile; fileRef = 3C773810229BF65900CFC54D /* SectionItem.swift */; };
		3C773816229CC98400CFC54D /* RegisterController.swift in Sources */ = {isa = PBXBuildFile; fileRef = 3C773815229CC98400CFC54D /* RegisterController.swift */; };
		3C773818229CC99D00CFC54D /* BaseController.swift in Sources */ = {isa = PBXBuildFile; fileRef = 3C773817229CC99C00CFC54D /* BaseController.swift */; };
		3C77381E229CD1DC00CFC54D /* UserApi.swift in Sources */ = {isa = PBXBuildFile; fileRef = 3C77381D229CD1DC00CFC54D /* UserApi.swift */; };
		3C773826229D139400CFC54D /* VResult.swift in Sources */ = {isa = PBXBuildFile; fileRef = 3C773825229D139400CFC54D /* VResult.swift */; };
		3C77382C229D343800CFC54D /* ErrorType.swift in Sources */ = {isa = PBXBuildFile; fileRef = 3C77382B229D343800CFC54D /* ErrorType.swift */; };
		3C77382E229E18B100CFC54D /* ObservableType+Ext.swift in Sources */ = {isa = PBXBuildFile; fileRef = 3C77382D229E18B100CFC54D /* ObservableType+Ext.swift */; };
		3C773831229E227900CFC54D /* UITableView+Ext.swift in Sources */ = {isa = PBXBuildFile; fileRef = 3C773830229E227900CFC54D /* UITableView+Ext.swift */; };
		3C773833229E229800CFC54D /* UIStoryboard+Ext.swift in Sources */ = {isa = PBXBuildFile; fileRef = 3C773832229E229800CFC54D /* UIStoryboard+Ext.swift */; };
		3C773835229E22AE00CFC54D /* Response+Ext.swift in Sources */ = {isa = PBXBuildFile; fileRef = 3C773834229E22AE00CFC54D /* Response+Ext.swift */; };
		3C773838229E239F00CFC54D /* Moya+Ext.swift in Sources */ = {isa = PBXBuildFile; fileRef = 3C773837229E239F00CFC54D /* Moya+Ext.swift */; };
		3C9DC28F229E244200B3DCA9 /* TapController.swift in Sources */ = {isa = PBXBuildFile; fileRef = 3C9DC28E229E244200B3DCA9 /* TapController.swift */; };
		3C9DC291229E28D400B3DCA9 /* UIViewController+Ext.swift in Sources */ = {isa = PBXBuildFile; fileRef = 3C9DC290229E28D400B3DCA9 /* UIViewController+Ext.swift */; };
		3C9DC298229E55E500B3DCA9 /* RegisterViewModel.swift in Sources */ = {isa = PBXBuildFile; fileRef = 3C9DC297229E55E500B3DCA9 /* RegisterViewModel.swift */; };
		3C9DC29A229E590100B3DCA9 /* UINavigationBar+Ext.swift in Sources */ = {isa = PBXBuildFile; fileRef = 3C9DC299229E590100B3DCA9 /* UINavigationBar+Ext.swift */; };
		3C9DC29D229E601B00B3DCA9 /* Constant.swift in Sources */ = {isa = PBXBuildFile; fileRef = 3C9DC29C229E601B00B3DCA9 /* Constant.swift */; };
		3C9DC29F229E603E00B3DCA9 /* AssetsApi.swift in Sources */ = {isa = PBXBuildFile; fileRef = 3C9DC29E229E603E00B3DCA9 /* AssetsApi.swift */; };
		A7BFA96537B2407676DFF2F3 /* Pods_RxExamples.framework in Frameworks */ = {isa = PBXBuildFile; fileRef = 99099862A5B692348D851E0F /* Pods_RxExamples.framework */; };
/* End PBXBuildFile section */

/* Begin PBXFileReference section */
		1FA97B0CAB0F9472931F186E /* Pods-RxExamples.debug.xcconfig */ = {isa = PBXFileReference; includeInIndex = 1; lastKnownFileType = text.xcconfig; name = "Pods-RxExamples.debug.xcconfig"; path = "Target Support Files/Pods-RxExamples/Pods-RxExamples.debug.xcconfig"; sourceTree = "<group>"; };
		3C7737F5229BEDC100CFC54D /* RxExamples.app */ = {isa = PBXFileReference; explicitFileType = wrapper.application; includeInIndex = 0; path = RxExamples.app; sourceTree = BUILT_PRODUCTS_DIR; };
		3C7737F8229BEDC100CFC54D /* AppDelegate.swift */ = {isa = PBXFileReference; lastKnownFileType = sourcecode.swift; path = AppDelegate.swift; sourceTree = "<group>"; };
		3C7737FA229BEDC100CFC54D /* HomeController.swift */ = {isa = PBXFileReference; lastKnownFileType = sourcecode.swift; path = HomeController.swift; sourceTree = "<group>"; };
		3C7737FD229BEDC100CFC54D /* Base */ = {isa = PBXFileReference; lastKnownFileType = file.storyboard; name = Base; path = Base.lproj/Main.storyboard; sourceTree = "<group>"; };
		3C7737FF229BEDC300CFC54D /* Assets.xcassets */ = {isa = PBXFileReference; lastKnownFileType = folder.assetcatalog; path = Assets.xcassets; sourceTree = "<group>"; };
		3C773802229BEDC300CFC54D /* Base */ = {isa = PBXFileReference; lastKnownFileType = file.storyboard; name = Base; path = Base.lproj/LaunchScreen.storyboard; sourceTree = "<group>"; };
		3C773804229BEDC300CFC54D /* Info.plist */ = {isa = PBXFileReference; lastKnownFileType = text.plist.xml; path = Info.plist; sourceTree = "<group>"; };
		3C77380A229BF2C100CFC54D /* RxExamples-Bridging-Header.h */ = {isa = PBXFileReference; lastKnownFileType = sourcecode.c.h; path = "RxExamples-Bridging-Header.h"; sourceTree = "<group>"; };
		3C77380E229BF48B00CFC54D /* NSObject+Ext.swift */ = {isa = PBXFileReference; lastKnownFileType = sourcecode.swift; path = "NSObject+Ext.swift"; sourceTree = "<group>"; };
		3C773810229BF65900CFC54D /* SectionItem.swift */ = {isa = PBXFileReference; lastKnownFileType = sourcecode.swift; path = SectionItem.swift; sourceTree = "<group>"; };
		3C773815229CC98400CFC54D /* RegisterController.swift */ = {isa = PBXFileReference; lastKnownFileType = sourcecode.swift; path = RegisterController.swift; sourceTree = "<group>"; };
		3C773817229CC99C00CFC54D /* BaseController.swift */ = {isa = PBXFileReference; lastKnownFileType = sourcecode.swift; path = BaseController.swift; sourceTree = "<group>"; };
		3C77381D229CD1DC00CFC54D /* UserApi.swift */ = {isa = PBXFileReference; lastKnownFileType = sourcecode.swift; path = UserApi.swift; sourceTree = "<group>"; };
		3C773825229D139400CFC54D /* VResult.swift */ = {isa = PBXFileReference; lastKnownFileType = sourcecode.swift; path = VResult.swift; sourceTree = "<group>"; };
		3C77382B229D343800CFC54D /* ErrorType.swift */ = {isa = PBXFileReference; lastKnownFileType = sourcecode.swift; path = ErrorType.swift; sourceTree = "<group>"; };
		3C77382D229E18B100CFC54D /* ObservableType+Ext.swift */ = {isa = PBXFileReference; lastKnownFileType = sourcecode.swift; path = "ObservableType+Ext.swift"; sourceTree = "<group>"; };
		3C773830229E227900CFC54D /* UITableView+Ext.swift */ = {isa = PBXFileReference; lastKnownFileType = sourcecode.swift; path = "UITableView+Ext.swift"; sourceTree = "<group>"; };
		3C773832229E229800CFC54D /* UIStoryboard+Ext.swift */ = {isa = PBXFileReference; lastKnownFileType = sourcecode.swift; path = "UIStoryboard+Ext.swift"; sourceTree = "<group>"; };
		3C773834229E22AE00CFC54D /* Response+Ext.swift */ = {isa = PBXFileReference; lastKnownFileType = sourcecode.swift; path = "Response+Ext.swift"; sourceTree = "<group>"; };
		3C773837229E239F00CFC54D /* Moya+Ext.swift */ = {isa = PBXFileReference; fileEncoding = 4; lastKnownFileType = sourcecode.swift; path = "Moya+Ext.swift"; sourceTree = "<group>"; };
		3C9DC28E229E244200B3DCA9 /* TapController.swift */ = {isa = PBXFileReference; lastKnownFileType = sourcecode.swift; path = TapController.swift; sourceTree = "<group>"; };
		3C9DC290229E28D400B3DCA9 /* UIViewController+Ext.swift */ = {isa = PBXFileReference; lastKnownFileType = sourcecode.swift; path = "UIViewController+Ext.swift"; sourceTree = "<group>"; };
		3C9DC297229E55E500B3DCA9 /* RegisterViewModel.swift */ = {isa = PBXFileReference; fileEncoding = 4; lastKnownFileType = sourcecode.swift; path = RegisterViewModel.swift; sourceTree = "<group>"; };
		3C9DC299229E590100B3DCA9 /* UINavigationBar+Ext.swift */ = {isa = PBXFileReference; lastKnownFileType = sourcecode.swift; path = "UINavigationBar+Ext.swift"; sourceTree = "<group>"; };
		3C9DC29C229E601B00B3DCA9 /* Constant.swift */ = {isa = PBXFileReference; fileEncoding = 4; lastKnownFileType = sourcecode.swift; path = Constant.swift; sourceTree = "<group>"; };
		3C9DC29E229E603E00B3DCA9 /* AssetsApi.swift */ = {isa = PBXFileReference; lastKnownFileType = sourcecode.swift; path = AssetsApi.swift; sourceTree = "<group>"; };
		99099862A5B692348D851E0F /* Pods_RxExamples.framework */ = {isa = PBXFileReference; explicitFileType = wrapper.framework; includeInIndex = 0; path = Pods_RxExamples.framework; sourceTree = BUILT_PRODUCTS_DIR; };
		AA3E8040E72BB87731D70522 /* Pods-RxExamples.release.xcconfig */ = {isa = PBXFileReference; includeInIndex = 1; lastKnownFileType = text.xcconfig; name = "Pods-RxExamples.release.xcconfig"; path = "Target Support Files/Pods-RxExamples/Pods-RxExamples.release.xcconfig"; sourceTree = "<group>"; };
/* End PBXFileReference section */

/* Begin PBXFrameworksBuildPhase section */
		3C7737F2229BEDC100CFC54D /* Frameworks */ = {
			isa = PBXFrameworksBuildPhase;
			buildActionMask = 2147483647;
			files = (
				A7BFA96537B2407676DFF2F3 /* Pods_RxExamples.framework in Frameworks */,
			);
			runOnlyForDeploymentPostprocessing = 0;
		};
/* End PBXFrameworksBuildPhase section */

/* Begin PBXGroup section */
		3C7737EC229BEDC100CFC54D = {
			isa = PBXGroup;
			children = (
				3C7737F7229BEDC100CFC54D /* RxExamples */,
				3C7737F6229BEDC100CFC54D /* Products */,
				559DB783BCEAD5EF9122338B /* Pods */,
				50748A27034F7DA3435110E1 /* Frameworks */,
			);
			sourceTree = "<group>";
		};
		3C7737F6229BEDC100CFC54D /* Products */ = {
			isa = PBXGroup;
			children = (
				3C7737F5229BEDC100CFC54D /* RxExamples.app */,
			);
			name = Products;
			sourceTree = "<group>";
		};
		3C7737F7229BEDC100CFC54D /* RxExamples */ = {
			isa = PBXGroup;
			children = (
				3C7737F8229BEDC100CFC54D /* AppDelegate.swift */,
				3C773819229CCA0E00CFC54D /* Controllers */,
				3C77381A229CCA1600CFC54D /* Models */,
				3C77382F229E21AF00CFC54D /* ViewModels */,
				3C773836229E231300CFC54D /* Extensions */,
				3C9DC28D229E23F900B3DCA9 /* Request */,
				3C9DC29B229E601B00B3DCA9 /* Define */,
				3C7737FC229BEDC100CFC54D /* Main.storyboard */,
				3C7737FF229BEDC300CFC54D /* Assets.xcassets */,
				3C773801229BEDC300CFC54D /* LaunchScreen.storyboard */,
				3C773804229BEDC300CFC54D /* Info.plist */,
				3C77380A229BF2C100CFC54D /* RxExamples-Bridging-Header.h */,
			);
			path = RxExamples;
			sourceTree = "<group>";
		};
		3C773819229CCA0E00CFC54D /* Controllers */ = {
			isa = PBXGroup;
			children = (
				3C773817229CC99C00CFC54D /* BaseController.swift */,
				3C7737FA229BEDC100CFC54D /* HomeController.swift */,
				3C9DC28E229E244200B3DCA9 /* TapController.swift */,
				3C773815229CC98400CFC54D /* RegisterController.swift */,
			);
			path = Controllers;
			sourceTree = "<group>";
		};
		3C77381A229CCA1600CFC54D /* Models */ = {
			isa = PBXGroup;
			children = (
				3C773810229BF65900CFC54D /* SectionItem.swift */,
				3C773825229D139400CFC54D /* VResult.swift */,
			);
			path = Models;
			sourceTree = "<group>";
		};
		3C77382F229E21AF00CFC54D /* ViewModels */ = {
			isa = PBXGroup;
			children = (
				3C9DC297229E55E500B3DCA9 /* RegisterViewModel.swift */,
			);
			path = ViewModels;
			sourceTree = "<group>";
		};
		3C773836229E231300CFC54D /* Extensions */ = {
			isa = PBXGroup;
			children = (
				3C773837229E239F00CFC54D /* Moya+Ext.swift */,
				3C77380E229BF48B00CFC54D /* NSObject+Ext.swift */,
				3C773834229E22AE00CFC54D /* Response+Ext.swift */,
				3C773832229E229800CFC54D /* UIStoryboard+Ext.swift */,
				3C773830229E227900CFC54D /* UITableView+Ext.swift */,
				3C9DC290229E28D400B3DCA9 /* UIViewController+Ext.swift */,
				3C77382D229E18B100CFC54D /* ObservableType+Ext.swift */,
				3C9DC299229E590100B3DCA9 /* UINavigationBar+Ext.swift */,
			);
			path = Extensions;
			sourceTree = "<group>";
		};
		3C9DC28D229E23F900B3DCA9 /* Request */ = {
			isa = PBXGroup;
			children = (
				3C77381D229CD1DC00CFC54D /* UserApi.swift */,
				3C9DC29E229E603E00B3DCA9 /* AssetsApi.swift */,
				3C77382B229D343800CFC54D /* ErrorType.swift */,
			);
			path = Request;
			sourceTree = "<group>";
		};
		3C9DC29B229E601B00B3DCA9 /* Define */ = {
			isa = PBXGroup;
			children = (
				3C9DC29C229E601B00B3DCA9 /* Constant.swift */,
			);
			path = Define;
			sourceTree = "<group>";
		};
		50748A27034F7DA3435110E1 /* Frameworks */ = {
			isa = PBXGroup;
			children = (
				99099862A5B692348D851E0F /* Pods_RxExamples.framework */,
			);
			name = Frameworks;
			sourceTree = "<group>";
		};
		559DB783BCEAD5EF9122338B /* Pods */ = {
			isa = PBXGroup;
			children = (
				1FA97B0CAB0F9472931F186E /* Pods-RxExamples.debug.xcconfig */,
				AA3E8040E72BB87731D70522 /* Pods-RxExamples.release.xcconfig */,
			);
			path = Pods;
			sourceTree = "<group>";
		};
/* End PBXGroup section */

/* Begin PBXNativeTarget section */
		3C7737F4229BEDC100CFC54D /* RxExamples */ = {
			isa = PBXNativeTarget;
			buildConfigurationList = 3C773807229BEDC300CFC54D /* Build configuration list for PBXNativeTarget "RxExamples" */;
			buildPhases = (
				BB19B615EA2F44A5DF02197A /* [CP] Check Pods Manifest.lock */,
				3C7737F1229BEDC100CFC54D /* Sources */,
				3C7737F2229BEDC100CFC54D /* Frameworks */,
				3C7737F3229BEDC100CFC54D /* Resources */,
				50B6FC975373CDB622F74523 /* [CP] Embed Pods Frameworks */,
			);
			buildRules = (
			);
			dependencies = (
			);
			name = RxExamples;
			productName = RxExamples;
			productReference = 3C7737F5229BEDC100CFC54D /* RxExamples.app */;
			productType = "com.apple.product-type.application";
		};
/* End PBXNativeTarget section */

/* Begin PBXProject section */
		3C7737ED229BEDC100CFC54D /* Project object */ = {
			isa = PBXProject;
			attributes = {
				LastSwiftUpdateCheck = 1020;
				LastUpgradeCheck = 1020;
				ORGANIZATIONNAME = "晋先森";
				TargetAttributes = {
					3C7737F4229BEDC100CFC54D = {
						CreatedOnToolsVersion = 10.2;
						LastSwiftMigration = 1020;
					};
				};
			};
			buildConfigurationList = 3C7737F0229BEDC100CFC54D /* Build configuration list for PBXProject "RxExamples" */;
			compatibilityVersion = "Xcode 9.3";
			developmentRegion = en;
			hasScannedForEncodings = 0;
			knownRegions = (
				en,
				Base,
			);
			mainGroup = 3C7737EC229BEDC100CFC54D;
			productRefGroup = 3C7737F6229BEDC100CFC54D /* Products */;
			projectDirPath = "";
			projectRoot = "";
			targets = (
				3C7737F4229BEDC100CFC54D /* RxExamples */,
			);
		};
/* End PBXProject section */

/* Begin PBXResourcesBuildPhase section */
		3C7737F3229BEDC100CFC54D /* Resources */ = {
			isa = PBXResourcesBuildPhase;
			buildActionMask = 2147483647;
			files = (
				3C773803229BEDC300CFC54D /* LaunchScreen.storyboard in Resources */,
				3C773800229BEDC300CFC54D /* Assets.xcassets in Resources */,
				3C7737FE229BEDC100CFC54D /* Main.storyboard in Resources */,
			);
			runOnlyForDeploymentPostprocessing = 0;
		};
/* End PBXResourcesBuildPhase section */

/* Begin PBXShellScriptBuildPhase section */
		50B6FC975373CDB622F74523 /* [CP] Embed Pods Frameworks */ = {
			isa = PBXShellScriptBuildPhase;
			buildActionMask = 2147483647;
			files = (
			);
			inputFileListPaths = (
			);
			inputPaths = (
				"${PODS_ROOT}/Target Support Files/Pods-RxExamples/Pods-RxExamples-frameworks.sh",
				"${BUILT_PRODUCTS_DIR}/Alamofire/Alamofire.framework",
				"${BUILT_PRODUCTS_DIR}/Differentiator/Differentiator.framework",
				"${BUILT_PRODUCTS_DIR}/Moya/Moya.framework",
				"${BUILT_PRODUCTS_DIR}/Moya-ObjectMapper/Moya_ObjectMapper.framework",
				"${BUILT_PRODUCTS_DIR}/NSObject+Rx/NSObject_Rx.framework",
				"${BUILT_PRODUCTS_DIR}/ObjectMapper/ObjectMapper.framework",
				"${BUILT_PRODUCTS_DIR}/Result/Result.framework",
				"${BUILT_PRODUCTS_DIR}/RxCocoa/RxCocoa.framework",
				"${BUILT_PRODUCTS_DIR}/RxDataSources/RxDataSources.framework",
				"${BUILT_PRODUCTS_DIR}/RxSwift/RxSwift.framework",
				"${BUILT_PRODUCTS_DIR}/SVProgressHUD/SVProgressHUD.framework",
				"${BUILT_PRODUCTS_DIR}/Validator/Validator.framework",
			);
			name = "[CP] Embed Pods Frameworks";
			outputFileListPaths = (
			);
			outputPaths = (
				"${TARGET_BUILD_DIR}/${FRAMEWORKS_FOLDER_PATH}/Alamofire.framework",
				"${TARGET_BUILD_DIR}/${FRAMEWORKS_FOLDER_PATH}/Differentiator.framework",
				"${TARGET_BUILD_DIR}/${FRAMEWORKS_FOLDER_PATH}/Moya.framework",
				"${TARGET_BUILD_DIR}/${FRAMEWORKS_FOLDER_PATH}/Moya_ObjectMapper.framework",
				"${TARGET_BUILD_DIR}/${FRAMEWORKS_FOLDER_PATH}/NSObject_Rx.framework",
				"${TARGET_BUILD_DIR}/${FRAMEWORKS_FOLDER_PATH}/ObjectMapper.framework",
				"${TARGET_BUILD_DIR}/${FRAMEWORKS_FOLDER_PATH}/Result.framework",
				"${TARGET_BUILD_DIR}/${FRAMEWORKS_FOLDER_PATH}/RxCocoa.framework",
				"${TARGET_BUILD_DIR}/${FRAMEWORKS_FOLDER_PATH}/RxDataSources.framework",
				"${TARGET_BUILD_DIR}/${FRAMEWORKS_FOLDER_PATH}/RxSwift.framework",
				"${TARGET_BUILD_DIR}/${FRAMEWORKS_FOLDER_PATH}/SVProgressHUD.framework",
				"${TARGET_BUILD_DIR}/${FRAMEWORKS_FOLDER_PATH}/Validator.framework",
			);
			runOnlyForDeploymentPostprocessing = 0;
			shellPath = /bin/sh;
			shellScript = "\"${PODS_ROOT}/Target Support Files/Pods-RxExamples/Pods-RxExamples-frameworks.sh\"\n";
			showEnvVarsInLog = 0;
		};
		BB19B615EA2F44A5DF02197A /* [CP] Check Pods Manifest.lock */ = {
			isa = PBXShellScriptBuildPhase;
			buildActionMask = 2147483647;
			files = (
			);
			inputFileListPaths = (
			);
			inputPaths = (
				"${PODS_PODFILE_DIR_PATH}/Podfile.lock",
				"${PODS_ROOT}/Manifest.lock",
			);
			name = "[CP] Check Pods Manifest.lock";
			outputFileListPaths = (
			);
			outputPaths = (
				"$(DERIVED_FILE_DIR)/Pods-RxExamples-checkManifestLockResult.txt",
			);
			runOnlyForDeploymentPostprocessing = 0;
			shellPath = /bin/sh;
			shellScript = "diff \"${PODS_PODFILE_DIR_PATH}/Podfile.lock\" \"${PODS_ROOT}/Manifest.lock\" > /dev/null\nif [ $? != 0 ] ; then\n    # print error to STDERR\n    echo \"error: The sandbox is not in sync with the Podfile.lock. Run 'pod install' or update your CocoaPods installation.\" >&2\n    exit 1\nfi\n# This output is used by Xcode 'outputs' to avoid re-running this script phase.\necho \"SUCCESS\" > \"${SCRIPT_OUTPUT_FILE_0}\"\n";
			showEnvVarsInLog = 0;
		};
/* End PBXShellScriptBuildPhase section */

/* Begin PBXSourcesBuildPhase section */
		3C7737F1229BEDC100CFC54D /* Sources */ = {
			isa = PBXSourcesBuildPhase;
			buildActionMask = 2147483647;
			files = (
				3C9DC28F229E244200B3DCA9 /* TapController.swift in Sources */,
				3C773811229BF65900CFC54D /* SectionItem.swift in Sources */,
				3C77381E229CD1DC00CFC54D /* UserApi.swift in Sources */,
				3C7737FB229BEDC100CFC54D /* HomeController.swift in Sources */,
				3C773816229CC98400CFC54D /* RegisterController.swift in Sources */,
				3C77380F229BF48B00CFC54D /* NSObject+Ext.swift in Sources */,
				3C773831229E227900CFC54D /* UITableView+Ext.swift in Sources */,
				3C9DC298229E55E500B3DCA9 /* RegisterViewModel.swift in Sources */,
				3C9DC29D229E601B00B3DCA9 /* Constant.swift in Sources */,
				3C773818229CC99D00CFC54D /* BaseController.swift in Sources */,
				3C9DC291229E28D400B3DCA9 /* UIViewController+Ext.swift in Sources */,
				3C9DC29F229E603E00B3DCA9 /* AssetsApi.swift in Sources */,
				3C9DC29A229E590100B3DCA9 /* UINavigationBar+Ext.swift in Sources */,
				3C773835229E22AE00CFC54D /* Response+Ext.swift in Sources */,
				3C773826229D139400CFC54D /* VResult.swift in Sources */,
				3C77382E229E18B100CFC54D /* ObservableType+Ext.swift in Sources */,
				3C773838229E239F00CFC54D /* Moya+Ext.swift in Sources */,
				3C7737F9229BEDC100CFC54D /* AppDelegate.swift in Sources */,
				3C77382C229D343800CFC54D /* ErrorType.swift in Sources */,
				3C773833229E229800CFC54D /* UIStoryboard+Ext.swift in Sources */,
			);
			runOnlyForDeploymentPostprocessing = 0;
		};
/* End PBXSourcesBuildPhase section */

/* Begin PBXVariantGroup section */
		3C7737FC229BEDC100CFC54D /* Main.storyboard */ = {
			isa = PBXVariantGroup;
			children = (
				3C7737FD229BEDC100CFC54D /* Base */,
			);
			name = Main.storyboard;
			sourceTree = "<group>";
		};
		3C773801229BEDC300CFC54D /* LaunchScreen.storyboard */ = {
			isa = PBXVariantGroup;
			children = (
				3C773802229BEDC300CFC54D /* Base */,
			);
			name = LaunchScreen.storyboard;
			sourceTree = "<group>";
		};
/* End PBXVariantGroup section */

/* Begin XCBuildConfiguration section */
		3C773805229BEDC300CFC54D /* Debug */ = {
			isa = XCBuildConfiguration;
			buildSettings = {
				ALWAYS_SEARCH_USER_PATHS = NO;
				CLANG_ANALYZER_NONNULL = YES;
				CLANG_ANALYZER_NUMBER_OBJECT_CONVERSION = YES_AGGRESSIVE;
				CLANG_CXX_LANGUAGE_STANDARD = "gnu++14";
				CLANG_CXX_LIBRARY = "libc++";
				CLANG_ENABLE_MODULES = YES;
				CLANG_ENABLE_OBJC_ARC = YES;
				CLANG_ENABLE_OBJC_WEAK = YES;
				CLANG_WARN_BLOCK_CAPTURE_AUTORELEASING = YES;
				CLANG_WARN_BOOL_CONVERSION = YES;
				CLANG_WARN_COMMA = YES;
				CLANG_WARN_CONSTANT_CONVERSION = YES;
				CLANG_WARN_DEPRECATED_OBJC_IMPLEMENTATIONS = YES;
				CLANG_WARN_DIRECT_OBJC_ISA_USAGE = YES_ERROR;
				CLANG_WARN_DOCUMENTATION_COMMENTS = YES;
				CLANG_WARN_EMPTY_BODY = YES;
				CLANG_WARN_ENUM_CONVERSION = YES;
				CLANG_WARN_INFINITE_RECURSION = YES;
				CLANG_WARN_INT_CONVERSION = YES;
				CLANG_WARN_NON_LITERAL_NULL_CONVERSION = YES;
				CLANG_WARN_OBJC_IMPLICIT_RETAIN_SELF = YES;
				CLANG_WARN_OBJC_LITERAL_CONVERSION = YES;
				CLANG_WARN_OBJC_ROOT_CLASS = YES_ERROR;
				CLANG_WARN_RANGE_LOOP_ANALYSIS = YES;
				CLANG_WARN_STRICT_PROTOTYPES = YES;
				CLANG_WARN_SUSPICIOUS_MOVE = YES;
				CLANG_WARN_UNGUARDED_AVAILABILITY = YES_AGGRESSIVE;
				CLANG_WARN_UNREACHABLE_CODE = YES;
				CLANG_WARN__DUPLICATE_METHOD_MATCH = YES;
				CODE_SIGN_IDENTITY = "iPhone Developer";
				COPY_PHASE_STRIP = NO;
				DEBUG_INFORMATION_FORMAT = dwarf;
				ENABLE_STRICT_OBJC_MSGSEND = YES;
				ENABLE_TESTABILITY = YES;
				GCC_C_LANGUAGE_STANDARD = gnu11;
				GCC_DYNAMIC_NO_PIC = NO;
				GCC_NO_COMMON_BLOCKS = YES;
				GCC_OPTIMIZATION_LEVEL = 0;
				GCC_PREPROCESSOR_DEFINITIONS = (
					"DEBUG=1",
					"$(inherited)",
				);
				GCC_WARN_64_TO_32_BIT_CONVERSION = YES;
				GCC_WARN_ABOUT_RETURN_TYPE = YES_ERROR;
				GCC_WARN_UNDECLARED_SELECTOR = YES;
				GCC_WARN_UNINITIALIZED_AUTOS = YES_AGGRESSIVE;
				GCC_WARN_UNUSED_FUNCTION = YES;
				GCC_WARN_UNUSED_VARIABLE = YES;
				IPHONEOS_DEPLOYMENT_TARGET = 12.2;
				MTL_ENABLE_DEBUG_INFO = INCLUDE_SOURCE;
				MTL_FAST_MATH = YES;
				ONLY_ACTIVE_ARCH = YES;
				SDKROOT = iphoneos;
				SWIFT_ACTIVE_COMPILATION_CONDITIONS = DEBUG;
				SWIFT_OPTIMIZATION_LEVEL = "-Onone";
			};
			name = Debug;
		};
		3C773806229BEDC300CFC54D /* Release */ = {
			isa = XCBuildConfiguration;
			buildSettings = {
				ALWAYS_SEARCH_USER_PATHS = NO;
				CLANG_ANALYZER_NONNULL = YES;
				CLANG_ANALYZER_NUMBER_OBJECT_CONVERSION = YES_AGGRESSIVE;
				CLANG_CXX_LANGUAGE_STANDARD = "gnu++14";
				CLANG_CXX_LIBRARY = "libc++";
				CLANG_ENABLE_MODULES = YES;
				CLANG_ENABLE_OBJC_ARC = YES;
				CLANG_ENABLE_OBJC_WEAK = YES;
				CLANG_WARN_BLOCK_CAPTURE_AUTORELEASING = YES;
				CLANG_WARN_BOOL_CONVERSION = YES;
				CLANG_WARN_COMMA = YES;
				CLANG_WARN_CONSTANT_CONVERSION = YES;
				CLANG_WARN_DEPRECATED_OBJC_IMPLEMENTATIONS = YES;
				CLANG_WARN_DIRECT_OBJC_ISA_USAGE = YES_ERROR;
				CLANG_WARN_DOCUMENTATION_COMMENTS = YES;
				CLANG_WARN_EMPTY_BODY = YES;
				CLANG_WARN_ENUM_CONVERSION = YES;
				CLANG_WARN_INFINITE_RECURSION = YES;
				CLANG_WARN_INT_CONVERSION = YES;
				CLANG_WARN_NON_LITERAL_NULL_CONVERSION = YES;
				CLANG_WARN_OBJC_IMPLICIT_RETAIN_SELF = YES;
				CLANG_WARN_OBJC_LITERAL_CONVERSION = YES;
				CLANG_WARN_OBJC_ROOT_CLASS = YES_ERROR;
				CLANG_WARN_RANGE_LOOP_ANALYSIS = YES;
				CLANG_WARN_STRICT_PROTOTYPES = YES;
				CLANG_WARN_SUSPICIOUS_MOVE = YES;
				CLANG_WARN_UNGUARDED_AVAILABILITY = YES_AGGRESSIVE;
				CLANG_WARN_UNREACHABLE_CODE = YES;
				CLANG_WARN__DUPLICATE_METHOD_MATCH = YES;
				CODE_SIGN_IDENTITY = "iPhone Developer";
				COPY_PHASE_STRIP = NO;
				DEBUG_INFORMATION_FORMAT = "dwarf-with-dsym";
				ENABLE_NS_ASSERTIONS = NO;
				ENABLE_STRICT_OBJC_MSGSEND = YES;
				GCC_C_LANGUAGE_STANDARD = gnu11;
				GCC_NO_COMMON_BLOCKS = YES;
				GCC_WARN_64_TO_32_BIT_CONVERSION = YES;
				GCC_WARN_ABOUT_RETURN_TYPE = YES_ERROR;
				GCC_WARN_UNDECLARED_SELECTOR = YES;
				GCC_WARN_UNINITIALIZED_AUTOS = YES_AGGRESSIVE;
				GCC_WARN_UNUSED_FUNCTION = YES;
				GCC_WARN_UNUSED_VARIABLE = YES;
				IPHONEOS_DEPLOYMENT_TARGET = 12.2;
				MTL_ENABLE_DEBUG_INFO = NO;
				MTL_FAST_MATH = YES;
				SDKROOT = iphoneos;
				SWIFT_COMPILATION_MODE = wholemodule;
				SWIFT_OPTIMIZATION_LEVEL = "-O";
				VALIDATE_PRODUCT = YES;
			};
			name = Release;
		};
		3C773808229BEDC300CFC54D /* Debug */ = {
			isa = XCBuildConfiguration;
			baseConfigurationReference = 1FA97B0CAB0F9472931F186E /* Pods-RxExamples.debug.xcconfig */;
			buildSettings = {
				ASSETCATALOG_COMPILER_APPICON_NAME = AppIcon;
				CLANG_ENABLE_MODULES = YES;
				CODE_SIGN_STYLE = Automatic;
				INFOPLIST_FILE = RxExamples/Info.plist;
				IPHONEOS_DEPLOYMENT_TARGET = 9.0;
				LD_RUNPATH_SEARCH_PATHS = (
					"$(inherited)",
					"@executable_path/Frameworks",
				);
				PRODUCT_BUNDLE_IDENTIFIER = com.jinxiansen.RxExamples;
				PRODUCT_NAME = "$(TARGET_NAME)";
				SWIFT_OBJC_BRIDGING_HEADER = "RxExamples/RxExamples-Bridging-Header.h";
				SWIFT_OPTIMIZATION_LEVEL = "-Onone";
				SWIFT_VERSION = 5.0;
				TARGETED_DEVICE_FAMILY = "1,2";
			};
			name = Debug;
		};
		3C773809229BEDC300CFC54D /* Release */ = {
			isa = XCBuildConfiguration;
			baseConfigurationReference = AA3E8040E72BB87731D70522 /* Pods-RxExamples.release.xcconfig */;
			buildSettings = {
				ASSETCATALOG_COMPILER_APPICON_NAME = AppIcon;
				CLANG_ENABLE_MODULES = YES;
				CODE_SIGN_STYLE = Automatic;
				INFOPLIST_FILE = RxExamples/Info.plist;
				IPHONEOS_DEPLOYMENT_TARGET = 9.0;
				LD_RUNPATH_SEARCH_PATHS = (
					"$(inherited)",
					"@executable_path/Frameworks",
				);
				PRODUCT_BUNDLE_IDENTIFIER = com.jinxiansen.RxExamples;
				PRODUCT_NAME = "$(TARGET_NAME)";
				SWIFT_OBJC_BRIDGING_HEADER = "RxExamples/RxExamples-Bridging-Header.h";
				SWIFT_VERSION = 5.0;
				TARGETED_DEVICE_FAMILY = "1,2";
			};
			name = Release;
		};
/* End XCBuildConfiguration section */

/* Begin XCConfigurationList section */
		3C7737F0229BEDC100CFC54D /* Build configuration list for PBXProject "RxExamples" */ = {
			isa = XCConfigurationList;
			buildConfigurations = (
				3C773805229BEDC300CFC54D /* Debug */,
				3C773806229BEDC300CFC54D /* Release */,
			);
			defaultConfigurationIsVisible = 0;
			defaultConfigurationName = Release;
		};
		3C773807229BEDC300CFC54D /* Build configuration list for PBXNativeTarget "RxExamples" */ = {
			isa = XCConfigurationList;
			buildConfigurations = (
				3C773808229BEDC300CFC54D /* Debug */,
				3C773809229BEDC300CFC54D /* Release */,
			);
			defaultConfigurationIsVisible = 0;
			defaultConfigurationName = Release;
		};
/* End XCConfigurationList section */
	};
	rootObject = 3C7737ED229BEDC100CFC54D /* Project object */;
}
